
Microsoft Visual Studio Solution File, Format Version 12.00
# Visual Studio Version 16
VisualStudioVersion = 16.0.33027.164
MinimumVisualStudioVersion = 10.0.40219.1
Project("{8BC9CEB8-8B4A-11D0-8D11-00A0C91BC942}") = "text-12-28", "text-12-28\text-12-28.vcxproj", "{A71E349B-C72B-4D44-AD0C-65E471054611}"
EndProject
Global
	GlobalSection(SolutionConfigurationPlatforms) = preSolution
		Debug|x64 = Debug|x64
		Debug|x86 = Debug|x86
		Release|x64 = Release|x64
		Release|x86 = Release|x86
	EndGlobalSection
	GlobalSection(ProjectConfigurationPlatforms) = postSolution
		{A71E349B-C72B-4D44-AD0C-65E471054611}.Debug|x64.ActiveCfg = Debug|x64
		{A71E349B-C72B-4D44-AD0C-65E471054611}.Debug|x64.Build.0 = Debug|x64
		{A71E349B-C72B-4D44-AD0C-65E471054611}.Debug|x86.ActiveCfg = Debug|Win32
		{A71E349B-C72B-4D44-AD0C-65E471054611}.Debug|x86.Build.0 = Debug|Win32
		{A71E349B-C72B-4D44-AD0C-65E471054611}.Release|x64.ActiveCfg = Release|x64
		{A71E349B-C72B-4D44-AD0C-65E471054611}.Release|x64.Build.0 = Release|x64
		{A71E349B-C72B-4D44-AD0C-65E471054611}.Release|x86.ActiveCfg = Release|Win32
		{A71E349B-C72B-4D44-AD0C-65E471054611}.Release|x86.Build.0 = Release|Win32
	EndGlobalSection
	GlobalSection(SolutionProperties) = preSolution
		HideSolutionNode = FALSE
	EndGlobalSection
	GlobalSection(ExtensibilityGlobals) = postSolution
		SolutionGuid = {9121D473-F478-4FBE-8F90-15F4E1E27C3F}
	EndGlobalSection
EndGlobal
